// !$*UTF8*$!
{
	archiveVersion = 1;
	classes = {
	};
	objectVersion = 56;
	objects = {

/* Begin PBXBuildFile section */
		8716115E2B2A9F73007C2A6E /* Localizable.xcstrings in Resources */ = {isa = PBXBuildFile; fileRef = 8716115D2B2A9F73007C2A6E /* Localizable.xcstrings */; };
		871611662B2BECD5007C2A6E /* PoemMasonryView.swift in Sources */ = {isa = PBXBuildFile; fileRef = 871611652B2BECD5007C2A6E /* PoemMasonryView.swift */; };
		871611692B2BECFB007C2A6E /* PoemMasonryViewModel.swift in Sources */ = {isa = PBXBuildFile; fileRef = 871611682B2BECFB007C2A6E /* PoemMasonryViewModel.swift */; };
		8716116E2B2BF8D7007C2A6E /* ToastStyle.swift in Sources */ = {isa = PBXBuildFile; fileRef = 8716116D2B2BF8D7007C2A6E /* ToastStyle.swift */; };
		871611702B2BF8F8007C2A6E /* Toast.swift in Sources */ = {isa = PBXBuildFile; fileRef = 8716116F2B2BF8F8007C2A6E /* Toast.swift */; };
		871611722B2BF93C007C2A6E /* ToastView.swift in Sources */ = {isa = PBXBuildFile; fileRef = 871611712B2BF93C007C2A6E /* ToastView.swift */; };
		871611742B2BF9A8007C2A6E /* ToastModifier.swift in Sources */ = {isa = PBXBuildFile; fileRef = 871611732B2BF9A8007C2A6E /* ToastModifier.swift */; };
		871611772B2BFA08007C2A6E /* ExtendView.swift in Sources */ = {isa = PBXBuildFile; fileRef = 871611762B2BFA08007C2A6E /* ExtendView.swift */; };
		873490B92B292FEA0048CD5D /* RadioButton.swift in Sources */ = {isa = PBXBuildFile; fileRef = 873490B82B292FEA0048CD5D /* RadioButton.swift */; };
		873490BC2B293B3C0048CD5D /* PreviewView.swift in Sources */ = {isa = PBXBuildFile; fileRef = 873490BB2B293B3C0048CD5D /* PreviewView.swift */; };
		87990D752B2D20C3008A5134 /* PoemFeedViewModel.swift in Sources */ = {isa = PBXBuildFile; fileRef = 87990D742B2D20C3008A5134 /* PoemFeedViewModel.swift */; };
		87A3C1D72B268222002E274D /* NibApp.swift in Sources */ = {isa = PBXBuildFile; fileRef = 87A3C1D62B268222002E274D /* NibApp.swift */; };
		87A3C1D92B268222002E274D /* ContentView.swift in Sources */ = {isa = PBXBuildFile; fileRef = 87A3C1D82B268222002E274D /* ContentView.swift */; };
		87A3C1DB2B268222002E274D /* Assets.xcassets in Resources */ = {isa = PBXBuildFile; fileRef = 87A3C1DA2B268222002E274D /* Assets.xcassets */; };
		87A3C1DE2B268222002E274D /* Preview Assets.xcassets in Resources */ = {isa = PBXBuildFile; fileRef = 87A3C1DD2B268222002E274D /* Preview Assets.xcassets */; };
		87A3C1E82B268222002E274D /* NibTests.swift in Sources */ = {isa = PBXBuildFile; fileRef = 87A3C1E72B268222002E274D /* NibTests.swift */; };
		87A3C1F22B268222002E274D /* NibUITests.swift in Sources */ = {isa = PBXBuildFile; fileRef = 87A3C1F12B268222002E274D /* NibUITests.swift */; };
		87A3C1F42B268222002E274D /* NibUITestsLaunchTests.swift in Sources */ = {isa = PBXBuildFile; fileRef = 87A3C1F32B268222002E274D /* NibUITestsLaunchTests.swift */; };
		87C28BE92B26BAB2009B2BC8 /* YourPoemsView.swift in Sources */ = {isa = PBXBuildFile; fileRef = 87C28BE82B26BAB2009B2BC8 /* YourPoemsView.swift */; };
		87C28BEB2B26BABE009B2BC8 /* Masonry.swift in Sources */ = {isa = PBXBuildFile; fileRef = 87C28BEA2B26BABE009B2BC8 /* Masonry.swift */; };
		87C28BED2B26BAE6009B2BC8 /* Card.swift in Sources */ = {isa = PBXBuildFile; fileRef = 87C28BEC2B26BAE6009B2BC8 /* Card.swift */; };
		87C28BEF2B26BD51009B2BC8 /* YourPoemsViewModel.swift in Sources */ = {isa = PBXBuildFile; fileRef = 87C28BEE2B26BD51009B2BC8 /* YourPoemsViewModel.swift */; };
		87CAD91B2B280F91000AE56D /* YourPoemView.swift in Sources */ = {isa = PBXBuildFile; fileRef = 87CAD91A2B280F91000AE56D /* YourPoemView.swift */; };
		87CAD91E2B2810C7000AE56D /* PoemFeedView.swift in Sources */ = {isa = PBXBuildFile; fileRef = 87CAD91D2B2810C7000AE56D /* PoemFeedView.swift */; };
		87CAD9242B28167D000AE56D /* ReportPoemView.swift in Sources */ = {isa = PBXBuildFile; fileRef = 87CAD9232B28167D000AE56D /* ReportPoemView.swift */; };
		87CAD9262B281B8F000AE56D /* ReportedPoem.swift in Sources */ = {isa = PBXBuildFile; fileRef = 87CAD9252B281B8F000AE56D /* ReportedPoem.swift */; };
		87CAD9282B282009000AE56D /* ReportingServiceProtocol.swift in Sources */ = {isa = PBXBuildFile; fileRef = 87CAD9272B282009000AE56D /* ReportingServiceProtocol.swift */; };
		87CAD92A2B282044000AE56D /* ReportingService.swift in Sources */ = {isa = PBXBuildFile; fileRef = 87CAD9292B282044000AE56D /* ReportingService.swift */; };
		87CAD92C2B282754000AE56D /* ReportPoemViewModel.swift in Sources */ = {isa = PBXBuildFile; fileRef = 87CAD92B2B282754000AE56D /* ReportPoemViewModel.swift */; };
		87E1B96A2B26832A00C2B0EC /* User.swift in Sources */ = {isa = PBXBuildFile; fileRef = 87E1B9692B26832A00C2B0EC /* User.swift */; };
		87E1B96D2B26840100C2B0EC /* FirebaseAnalytics in Frameworks */ = {isa = PBXBuildFile; productRef = 87E1B96C2B26840100C2B0EC /* FirebaseAnalytics */; };
		87E1B96F2B26840100C2B0EC /* FirebaseAnalyticsOnDeviceConversion in Frameworks */ = {isa = PBXBuildFile; productRef = 87E1B96E2B26840100C2B0EC /* FirebaseAnalyticsOnDeviceConversion */; };
		87E1B9712B26840100C2B0EC /* FirebaseAuth in Frameworks */ = {isa = PBXBuildFile; productRef = 87E1B9702B26840100C2B0EC /* FirebaseAuth */; };
		87E1B9732B26840100C2B0EC /* FirebaseFirestore in Frameworks */ = {isa = PBXBuildFile; productRef = 87E1B9722B26840100C2B0EC /* FirebaseFirestore */; };
		87E1B9752B26840100C2B0EC /* FirebaseFirestoreSwift in Frameworks */ = {isa = PBXBuildFile; productRef = 87E1B9742B26840100C2B0EC /* FirebaseFirestoreSwift */; };
		87E1B9782B26844B00C2B0EC /* GoogleSignIn in Frameworks */ = {isa = PBXBuildFile; productRef = 87E1B9772B26844B00C2B0EC /* GoogleSignIn */; };
		87E1B97A2B26844B00C2B0EC /* GoogleSignInSwift in Frameworks */ = {isa = PBXBuildFile; productRef = 87E1B9792B26844B00C2B0EC /* GoogleSignInSwift */; };
		87E1B97E2B26853C00C2B0EC /* AuthDataResult.swift in Sources */ = {isa = PBXBuildFile; fileRef = 87E1B97D2B26853C00C2B0EC /* AuthDataResult.swift */; };
		87E1B9802B2685DD00C2B0EC /* GoogleSignInResult.swift in Sources */ = {isa = PBXBuildFile; fileRef = 87E1B97F2B2685DD00C2B0EC /* GoogleSignInResult.swift */; };
		87E1B9822B26862600C2B0EC /* AppleSignInResult.swift in Sources */ = {isa = PBXBuildFile; fileRef = 87E1B9812B26862600C2B0EC /* AppleSignInResult.swift */; };
		87E1B9872B26870100C2B0EC /* GoogleService-Info.plist in Resources */ = {isa = PBXBuildFile; fileRef = 87E1B9862B26870100C2B0EC /* GoogleService-Info.plist */; };
		87E1B9922B2688CB00C2B0EC /* SignInWithAppleHelper.swift in Sources */ = {isa = PBXBuildFile; fileRef = 87E1B9912B2688CB00C2B0EC /* SignInWithAppleHelper.swift */; };
		87E1B9942B26890400C2B0EC /* SignInWithGoogleHelper.swift in Sources */ = {isa = PBXBuildFile; fileRef = 87E1B9932B26890400C2B0EC /* SignInWithGoogleHelper.swift */; };
		87E1B9962B2689B600C2B0EC /* SignInWithGoogleButton.swift in Sources */ = {isa = PBXBuildFile; fileRef = 87E1B9952B2689B600C2B0EC /* SignInWithGoogleButton.swift */; };
		87E1B9982B2689CD00C2B0EC /* SignInWithAppleButton.swift in Sources */ = {isa = PBXBuildFile; fileRef = 87E1B9972B2689CD00C2B0EC /* SignInWithAppleButton.swift */; };
		87E1B99B2B2689FE00C2B0EC /* DividerWithLabel.swift in Sources */ = {isa = PBXBuildFile; fileRef = 87E1B99A2B2689FE00C2B0EC /* DividerWithLabel.swift */; };
		87E1B99D2B268A4100C2B0EC /* SignInView.swift in Sources */ = {isa = PBXBuildFile; fileRef = 87E1B99C2B268A4100C2B0EC /* SignInView.swift */; };
		87E1B9A12B268AF100C2B0EC /* AppRootView.swift in Sources */ = {isa = PBXBuildFile; fileRef = 87E1B9A02B268AF100C2B0EC /* AppRootView.swift */; };
		87E1B9A32B268B3D00C2B0EC /* AppRootViewModel.swift in Sources */ = {isa = PBXBuildFile; fileRef = 87E1B9A22B268B3D00C2B0EC /* AppRootViewModel.swift */; };
		87E1B9A52B268B9400C2B0EC /* SignInViewModel.swift in Sources */ = {isa = PBXBuildFile; fileRef = 87E1B9A42B268B9400C2B0EC /* SignInViewModel.swift */; };
		87E1B9A92B268BD900C2B0EC /* NibAuthenticationServiceProtocol.swift in Sources */ = {isa = PBXBuildFile; fileRef = 87E1B9A82B268BD900C2B0EC /* NibAuthenticationServiceProtocol.swift */; };
		87E1B9AB2B268C2100C2B0EC /* AuthProviderOption.swift in Sources */ = {isa = PBXBuildFile; fileRef = 87E1B9AA2B268C2100C2B0EC /* AuthProviderOption.swift */; };
		87E1B9AD2B268CFD00C2B0EC /* NibAuthenticationService.swift in Sources */ = {isa = PBXBuildFile; fileRef = 87E1B9AC2B268CFD00C2B0EC /* NibAuthenticationService.swift */; };
		87E1B9AF2B2694B900C2B0EC /* Username.swift in Sources */ = {isa = PBXBuildFile; fileRef = 87E1B9AE2B2694B900C2B0EC /* Username.swift */; };
		87E1B9B42B26956400C2B0EC /* YourProfileView.swift in Sources */ = {isa = PBXBuildFile; fileRef = 87E1B9B32B26956400C2B0EC /* YourProfileView.swift */; };
		87E1B9B72B26963000C2B0EC /* SettingsView.swift in Sources */ = {isa = PBXBuildFile; fileRef = 87E1B9B62B26963000C2B0EC /* SettingsView.swift */; };
		87E1B9B92B26967500C2B0EC /* SettingsViewModel.swift in Sources */ = {isa = PBXBuildFile; fileRef = 87E1B9B82B26967500C2B0EC /* SettingsViewModel.swift */; };
		87E1B9BB2B269BC200C2B0EC /* UserService.swift in Sources */ = {isa = PBXBuildFile; fileRef = 87E1B9BA2B269BC200C2B0EC /* UserService.swift */; };
		87E1B9BD2B269BD200C2B0EC /* UserServiceProtocol.swift in Sources */ = {isa = PBXBuildFile; fileRef = 87E1B9BC2B269BD200C2B0EC /* UserServiceProtocol.swift */; };
		87E1B9C12B26A5B600C2B0EC /* UsernameView.swift in Sources */ = {isa = PBXBuildFile; fileRef = 87E1B9C02B26A5B600C2B0EC /* UsernameView.swift */; };
		87E1B9C32B26A5D000C2B0EC /* UsernameViewModel.swift in Sources */ = {isa = PBXBuildFile; fileRef = 87E1B9C22B26A5D000C2B0EC /* UsernameViewModel.swift */; };
		87E1B9C52B26AD1900C2B0EC /* UnderlinedTextField.swift in Sources */ = {isa = PBXBuildFile; fileRef = 87E1B9C42B26AD1900C2B0EC /* UnderlinedTextField.swift */; };
		87E1B9C72B26B22500C2B0EC /* Poem.swift in Sources */ = {isa = PBXBuildFile; fileRef = 87E1B9C62B26B22500C2B0EC /* Poem.swift */; };
		87E1B9C92B26B26E00C2B0EC /* PoemServiceProtocol.swift in Sources */ = {isa = PBXBuildFile; fileRef = 87E1B9C82B26B26E00C2B0EC /* PoemServiceProtocol.swift */; };
		87E1B9CB2B26B2D100C2B0EC /* PoemService.swift in Sources */ = {isa = PBXBuildFile; fileRef = 87E1B9CA2B26B2D100C2B0EC /* PoemService.swift */; };
		87E1B9D02B26B54400C2B0EC /* DraftView.swift in Sources */ = {isa = PBXBuildFile; fileRef = 87E1B9CF2B26B54400C2B0EC /* DraftView.swift */; };
		87E1B9D22B26B54F00C2B0EC /* DraftViewModel.swift in Sources */ = {isa = PBXBuildFile; fileRef = 87E1B9D12B26B54F00C2B0EC /* DraftViewModel.swift */; };
		87E2440B2B2C17F3009F361A /* AppMainViewModel.swift in Sources */ = {isa = PBXBuildFile; fileRef = 87E2440A2B2C17F3009F361A /* AppMainViewModel.swift */; };
		87E2440D2B2C1829009F361A /* AppMainView.swift in Sources */ = {isa = PBXBuildFile; fileRef = 87E2440C2B2C1829009F361A /* AppMainView.swift */; };
		87FE6D702B26C89C00E8A785 /* UserPoemView.swift in Sources */ = {isa = PBXBuildFile; fileRef = 87FE6D6F2B26C89C00E8A785 /* UserPoemView.swift */; };
		87FE6D722B26CAEA00E8A785 /* UserPoemViewModel.swift in Sources */ = {isa = PBXBuildFile; fileRef = 87FE6D712B26CAEA00E8A785 /* UserPoemViewModel.swift */; };
/* End PBXBuildFile section */

/* Begin PBXContainerItemProxy section */
		87A3C1E42B268222002E274D /* PBXContainerItemProxy */ = {
			isa = PBXContainerItemProxy;
			containerPortal = 87A3C1CB2B268222002E274D /* Project object */;
			proxyType = 1;
			remoteGlobalIDString = 87A3C1D22B268222002E274D;
			remoteInfo = Nib;
		};
		87A3C1EE2B268222002E274D /* PBXContainerItemProxy */ = {
			isa = PBXContainerItemProxy;
			containerPortal = 87A3C1CB2B268222002E274D /* Project object */;
			proxyType = 1;
			remoteGlobalIDString = 87A3C1D22B268222002E274D;
			remoteInfo = Nib;
		};
/* End PBXContainerItemProxy section */

/* Begin PBXFileReference section */
		8716115D2B2A9F73007C2A6E /* Localizable.xcstrings */ = {isa = PBXFileReference; lastKnownFileType = text.json.xcstrings; path = Localizable.xcstrings; sourceTree = "<group>"; };
		871611652B2BECD5007C2A6E /* PoemMasonryView.swift */ = {isa = PBXFileReference; lastKnownFileType = sourcecode.swift; path = PoemMasonryView.swift; sourceTree = "<group>"; };
		871611682B2BECFB007C2A6E /* PoemMasonryViewModel.swift */ = {isa = PBXFileReference; lastKnownFileType = sourcecode.swift; path = PoemMasonryViewModel.swift; sourceTree = "<group>"; };
		8716116D2B2BF8D7007C2A6E /* ToastStyle.swift */ = {isa = PBXFileReference; lastKnownFileType = sourcecode.swift; path = ToastStyle.swift; sourceTree = "<group>"; };
		8716116F2B2BF8F8007C2A6E /* Toast.swift */ = {isa = PBXFileReference; lastKnownFileType = sourcecode.swift; path = Toast.swift; sourceTree = "<group>"; };
		871611712B2BF93C007C2A6E /* ToastView.swift */ = {isa = PBXFileReference; lastKnownFileType = sourcecode.swift; path = ToastView.swift; sourceTree = "<group>"; };
		871611732B2BF9A8007C2A6E /* ToastModifier.swift */ = {isa = PBXFileReference; lastKnownFileType = sourcecode.swift; path = ToastModifier.swift; sourceTree = "<group>"; };
		871611762B2BFA08007C2A6E /* ExtendView.swift */ = {isa = PBXFileReference; lastKnownFileType = sourcecode.swift; path = ExtendView.swift; sourceTree = "<group>"; };
		873490B82B292FEA0048CD5D /* RadioButton.swift */ = {isa = PBXFileReference; lastKnownFileType = sourcecode.swift; path = RadioButton.swift; sourceTree = "<group>"; };
		873490BB2B293B3C0048CD5D /* PreviewView.swift */ = {isa = PBXFileReference; lastKnownFileType = sourcecode.swift; path = PreviewView.swift; sourceTree = "<group>"; };
		87990D742B2D20C3008A5134 /* PoemFeedViewModel.swift */ = {isa = PBXFileReference; lastKnownFileType = sourcecode.swift; path = PoemFeedViewModel.swift; sourceTree = "<group>"; };
		87A3C1D32B268222002E274D /* Nib.app */ = {isa = PBXFileReference; explicitFileType = wrapper.application; includeInIndex = 0; path = Nib.app; sourceTree = BUILT_PRODUCTS_DIR; };
		87A3C1D62B268222002E274D /* NibApp.swift */ = {isa = PBXFileReference; lastKnownFileType = sourcecode.swift; path = NibApp.swift; sourceTree = "<group>"; };
		87A3C1D82B268222002E274D /* ContentView.swift */ = {isa = PBXFileReference; lastKnownFileType = sourcecode.swift; path = ContentView.swift; sourceTree = "<group>"; };
		87A3C1DA2B268222002E274D /* Assets.xcassets */ = {isa = PBXFileReference; lastKnownFileType = folder.assetcatalog; path = Assets.xcassets; sourceTree = "<group>"; };
		87A3C1DD2B268222002E274D /* Preview Assets.xcassets */ = {isa = PBXFileReference; lastKnownFileType = folder.assetcatalog; path = "Preview Assets.xcassets"; sourceTree = "<group>"; };
		87A3C1E32B268222002E274D /* NibTests.xctest */ = {isa = PBXFileReference; explicitFileType = wrapper.cfbundle; includeInIndex = 0; path = NibTests.xctest; sourceTree = BUILT_PRODUCTS_DIR; };
		87A3C1E72B268222002E274D /* NibTests.swift */ = {isa = PBXFileReference; lastKnownFileType = sourcecode.swift; path = NibTests.swift; sourceTree = "<group>"; };
		87A3C1ED2B268222002E274D /* NibUITests.xctest */ = {isa = PBXFileReference; explicitFileType = wrapper.cfbundle; includeInIndex = 0; path = NibUITests.xctest; sourceTree = BUILT_PRODUCTS_DIR; };
		87A3C1F12B268222002E274D /* NibUITests.swift */ = {isa = PBXFileReference; lastKnownFileType = sourcecode.swift; path = NibUITests.swift; sourceTree = "<group>"; };
		87A3C1F32B268222002E274D /* NibUITestsLaunchTests.swift */ = {isa = PBXFileReference; lastKnownFileType = sourcecode.swift; path = NibUITestsLaunchTests.swift; sourceTree = "<group>"; };
		87C28BE82B26BAB2009B2BC8 /* YourPoemsView.swift */ = {isa = PBXFileReference; lastKnownFileType = sourcecode.swift; path = YourPoemsView.swift; sourceTree = "<group>"; };
		87C28BEA2B26BABE009B2BC8 /* Masonry.swift */ = {isa = PBXFileReference; lastKnownFileType = sourcecode.swift; path = Masonry.swift; sourceTree = "<group>"; };
		87C28BEC2B26BAE6009B2BC8 /* Card.swift */ = {isa = PBXFileReference; lastKnownFileType = sourcecode.swift; path = Card.swift; sourceTree = "<group>"; };
		87C28BEE2B26BD51009B2BC8 /* YourPoemsViewModel.swift */ = {isa = PBXFileReference; lastKnownFileType = sourcecode.swift; path = YourPoemsViewModel.swift; sourceTree = "<group>"; };
		87CAD91A2B280F91000AE56D /* YourPoemView.swift */ = {isa = PBXFileReference; lastKnownFileType = sourcecode.swift; path = YourPoemView.swift; sourceTree = "<group>"; };
		87CAD91D2B2810C7000AE56D /* PoemFeedView.swift */ = {isa = PBXFileReference; lastKnownFileType = sourcecode.swift; path = PoemFeedView.swift; sourceTree = "<group>"; };
		87CAD9232B28167D000AE56D /* ReportPoemView.swift */ = {isa = PBXFileReference; lastKnownFileType = sourcecode.swift; path = ReportPoemView.swift; sourceTree = "<group>"; };
		87CAD9252B281B8F000AE56D /* ReportedPoem.swift */ = {isa = PBXFileReference; lastKnownFileType = sourcecode.swift; path = ReportedPoem.swift; sourceTree = "<group>"; };
		87CAD9272B282009000AE56D /* ReportingServiceProtocol.swift */ = {isa = PBXFileReference; lastKnownFileType = sourcecode.swift; path = ReportingServiceProtocol.swift; sourceTree = "<group>"; };
		87CAD9292B282044000AE56D /* ReportingService.swift */ = {isa = PBXFileReference; lastKnownFileType = sourcecode.swift; path = ReportingService.swift; sourceTree = "<group>"; };
		87CAD92B2B282754000AE56D /* ReportPoemViewModel.swift */ = {isa = PBXFileReference; lastKnownFileType = sourcecode.swift; path = ReportPoemViewModel.swift; sourceTree = "<group>"; };
		87E1B9692B26832A00C2B0EC /* User.swift */ = {isa = PBXFileReference; lastKnownFileType = sourcecode.swift; path = User.swift; sourceTree = "<group>"; };
		87E1B97D2B26853C00C2B0EC /* AuthDataResult.swift */ = {isa = PBXFileReference; lastKnownFileType = sourcecode.swift; path = AuthDataResult.swift; sourceTree = "<group>"; };
		87E1B97F2B2685DD00C2B0EC /* GoogleSignInResult.swift */ = {isa = PBXFileReference; lastKnownFileType = sourcecode.swift; path = GoogleSignInResult.swift; sourceTree = "<group>"; };
		87E1B9812B26862600C2B0EC /* AppleSignInResult.swift */ = {isa = PBXFileReference; lastKnownFileType = sourcecode.swift; path = AppleSignInResult.swift; sourceTree = "<group>"; };
		87E1B9832B26866600C2B0EC /* Nib.entitlements */ = {isa = PBXFileReference; lastKnownFileType = text.plist.entitlements; path = Nib.entitlements; sourceTree = "<group>"; };
		87E1B9862B26870100C2B0EC /* GoogleService-Info.plist */ = {isa = PBXFileReference; fileEncoding = 4; lastKnownFileType = text.plist.xml; path = "GoogleService-Info.plist"; sourceTree = "<group>"; };
		87E1B9882B2687B600C2B0EC /* Info.plist */ = {isa = PBXFileReference; lastKnownFileType = text.plist; path = Info.plist; sourceTree = "<group>"; };
		87E1B9912B2688CB00C2B0EC /* SignInWithAppleHelper.swift */ = {isa = PBXFileReference; lastKnownFileType = sourcecode.swift; path = SignInWithAppleHelper.swift; sourceTree = "<group>"; };
		87E1B9932B26890400C2B0EC /* SignInWithGoogleHelper.swift */ = {isa = PBXFileReference; lastKnownFileType = sourcecode.swift; path = SignInWithGoogleHelper.swift; sourceTree = "<group>"; };
		87E1B9952B2689B600C2B0EC /* SignInWithGoogleButton.swift */ = {isa = PBXFileReference; lastKnownFileType = sourcecode.swift; path = SignInWithGoogleButton.swift; sourceTree = "<group>"; };
		87E1B9972B2689CD00C2B0EC /* SignInWithAppleButton.swift */ = {isa = PBXFileReference; lastKnownFileType = sourcecode.swift; path = SignInWithAppleButton.swift; sourceTree = "<group>"; };
		87E1B99A2B2689FE00C2B0EC /* DividerWithLabel.swift */ = {isa = PBXFileReference; lastKnownFileType = sourcecode.swift; path = DividerWithLabel.swift; sourceTree = "<group>"; };
		87E1B99C2B268A4100C2B0EC /* SignInView.swift */ = {isa = PBXFileReference; lastKnownFileType = sourcecode.swift; path = SignInView.swift; sourceTree = "<group>"; };
		87E1B9A02B268AF100C2B0EC /* AppRootView.swift */ = {isa = PBXFileReference; lastKnownFileType = sourcecode.swift; path = AppRootView.swift; sourceTree = "<group>"; };
		87E1B9A22B268B3D00C2B0EC /* AppRootViewModel.swift */ = {isa = PBXFileReference; lastKnownFileType = sourcecode.swift; path = AppRootViewModel.swift; sourceTree = "<group>"; };
		87E1B9A42B268B9400C2B0EC /* SignInViewModel.swift */ = {isa = PBXFileReference; lastKnownFileType = sourcecode.swift; path = SignInViewModel.swift; sourceTree = "<group>"; };
		87E1B9A82B268BD900C2B0EC /* NibAuthenticationServiceProtocol.swift */ = {isa = PBXFileReference; lastKnownFileType = sourcecode.swift; path = NibAuthenticationServiceProtocol.swift; sourceTree = "<group>"; };
		87E1B9AA2B268C2100C2B0EC /* AuthProviderOption.swift */ = {isa = PBXFileReference; lastKnownFileType = sourcecode.swift; path = AuthProviderOption.swift; sourceTree = "<group>"; };
		87E1B9AC2B268CFD00C2B0EC /* NibAuthenticationService.swift */ = {isa = PBXFileReference; lastKnownFileType = sourcecode.swift; path = NibAuthenticationService.swift; sourceTree = "<group>"; };
		87E1B9AE2B2694B900C2B0EC /* Username.swift */ = {isa = PBXFileReference; lastKnownFileType = sourcecode.swift; path = Username.swift; sourceTree = "<group>"; };
		87E1B9B32B26956400C2B0EC /* YourProfileView.swift */ = {isa = PBXFileReference; lastKnownFileType = sourcecode.swift; path = YourProfileView.swift; sourceTree = "<group>"; };
		87E1B9B62B26963000C2B0EC /* SettingsView.swift */ = {isa = PBXFileReference; lastKnownFileType = sourcecode.swift; path = SettingsView.swift; sourceTree = "<group>"; };
		87E1B9B82B26967500C2B0EC /* SettingsViewModel.swift */ = {isa = PBXFileReference; lastKnownFileType = sourcecode.swift; path = SettingsViewModel.swift; sourceTree = "<group>"; };
		87E1B9BA2B269BC200C2B0EC /* UserService.swift */ = {isa = PBXFileReference; lastKnownFileType = sourcecode.swift; path = UserService.swift; sourceTree = "<group>"; };
		87E1B9BC2B269BD200C2B0EC /* UserServiceProtocol.swift */ = {isa = PBXFileReference; lastKnownFileType = sourcecode.swift; path = UserServiceProtocol.swift; sourceTree = "<group>"; };
		87E1B9C02B26A5B600C2B0EC /* UsernameView.swift */ = {isa = PBXFileReference; lastKnownFileType = sourcecode.swift; path = UsernameView.swift; sourceTree = "<group>"; };
		87E1B9C22B26A5D000C2B0EC /* UsernameViewModel.swift */ = {isa = PBXFileReference; lastKnownFileType = sourcecode.swift; path = UsernameViewModel.swift; sourceTree = "<group>"; };
		87E1B9C42B26AD1900C2B0EC /* UnderlinedTextField.swift */ = {isa = PBXFileReference; lastKnownFileType = sourcecode.swift; path = UnderlinedTextField.swift; sourceTree = "<group>"; };
		87E1B9C62B26B22500C2B0EC /* Poem.swift */ = {isa = PBXFileReference; lastKnownFileType = sourcecode.swift; path = Poem.swift; sourceTree = "<group>"; };
		87E1B9C82B26B26E00C2B0EC /* PoemServiceProtocol.swift */ = {isa = PBXFileReference; lastKnownFileType = sourcecode.swift; path = PoemServiceProtocol.swift; sourceTree = "<group>"; };
		87E1B9CA2B26B2D100C2B0EC /* PoemService.swift */ = {isa = PBXFileReference; lastKnownFileType = sourcecode.swift; path = PoemService.swift; sourceTree = "<group>"; };
		87E1B9CF2B26B54400C2B0EC /* DraftView.swift */ = {isa = PBXFileReference; lastKnownFileType = sourcecode.swift; path = DraftView.swift; sourceTree = "<group>"; };
		87E1B9D12B26B54F00C2B0EC /* DraftViewModel.swift */ = {isa = PBXFileReference; lastKnownFileType = sourcecode.swift; path = DraftViewModel.swift; sourceTree = "<group>"; };
		87E2440A2B2C17F3009F361A /* AppMainViewModel.swift */ = {isa = PBXFileReference; lastKnownFileType = sourcecode.swift; path = AppMainViewModel.swift; sourceTree = "<group>"; };
		87E2440C2B2C1829009F361A /* AppMainView.swift */ = {isa = PBXFileReference; lastKnownFileType = sourcecode.swift; path = AppMainView.swift; sourceTree = "<group>"; };
		87FE6D6F2B26C89C00E8A785 /* UserPoemView.swift */ = {isa = PBXFileReference; lastKnownFileType = sourcecode.swift; path = UserPoemView.swift; sourceTree = "<group>"; };
		87FE6D712B26CAEA00E8A785 /* UserPoemViewModel.swift */ = {isa = PBXFileReference; lastKnownFileType = sourcecode.swift; path = UserPoemViewModel.swift; sourceTree = "<group>"; };
/* End PBXFileReference section */

/* Begin PBXFrameworksBuildPhase section */
		87A3C1D02B268222002E274D /* Frameworks */ = {
			isa = PBXFrameworksBuildPhase;
			buildActionMask = 2147483647;
			files = (
				87E1B9752B26840100C2B0EC /* FirebaseFirestoreSwift in Frameworks */,
				87E1B96D2B26840100C2B0EC /* FirebaseAnalytics in Frameworks */,
				87E1B97A2B26844B00C2B0EC /* GoogleSignInSwift in Frameworks */,
				87E1B9732B26840100C2B0EC /* FirebaseFirestore in Frameworks */,
				87E1B9712B26840100C2B0EC /* FirebaseAuth in Frameworks */,
				87E1B96F2B26840100C2B0EC /* FirebaseAnalyticsOnDeviceConversion in Frameworks */,
				87E1B9782B26844B00C2B0EC /* GoogleSignIn in Frameworks */,
			);
			runOnlyForDeploymentPostprocessing = 0;
		};
		87A3C1E02B268222002E274D /* Frameworks */ = {
			isa = PBXFrameworksBuildPhase;
			buildActionMask = 2147483647;
			files = (
			);
			runOnlyForDeploymentPostprocessing = 0;
		};
		87A3C1EA2B268222002E274D /* Frameworks */ = {
			isa = PBXFrameworksBuildPhase;
			buildActionMask = 2147483647;
			files = (
			);
			runOnlyForDeploymentPostprocessing = 0;
		};
/* End PBXFrameworksBuildPhase section */

/* Begin PBXGroup section */
		871611642B2BECB1007C2A6E /* Views */ = {
			isa = PBXGroup;
			children = (
				871611672B2BECDC007C2A6E /* PoemMasonry */,
			);
			path = Views;
			sourceTree = "<group>";
		};
		871611672B2BECDC007C2A6E /* PoemMasonry */ = {
			isa = PBXGroup;
			children = (
				871611652B2BECD5007C2A6E /* PoemMasonryView.swift */,
				871611682B2BECFB007C2A6E /* PoemMasonryViewModel.swift */,
			);
			path = PoemMasonry;
			sourceTree = "<group>";
		};
		8716116C2B2BF8CD007C2A6E /* Toast */ = {
			isa = PBXGroup;
			children = (
				8716116D2B2BF8D7007C2A6E /* ToastStyle.swift */,
				8716116F2B2BF8F8007C2A6E /* Toast.swift */,
				871611712B2BF93C007C2A6E /* ToastView.swift */,
				871611732B2BF9A8007C2A6E /* ToastModifier.swift */,
			);
			path = Toast;
			sourceTree = "<group>";
		};
		871611752B2BF9F5007C2A6E /* Extensions */ = {
			isa = PBXGroup;
			children = (
				871611762B2BFA08007C2A6E /* ExtendView.swift */,
			);
			path = Extensions;
			sourceTree = "<group>";
		};
		873490BA2B293B2D0048CD5D /* Preview */ = {
			isa = PBXGroup;
			children = (
				873490BB2B293B3C0048CD5D /* PreviewView.swift */,
			);
			path = Preview;
			sourceTree = "<group>";
		};
		87A3C1CA2B268222002E274D = {
			isa = PBXGroup;
			children = (
				87A3C1D52B268222002E274D /* Nib */,
				87A3C1E62B268222002E274D /* NibTests */,
				87A3C1F02B268222002E274D /* NibUITests */,
				87A3C1D42B268222002E274D /* Products */,
			);
			sourceTree = "<group>";
		};
		87A3C1D42B268222002E274D /* Products */ = {
			isa = PBXGroup;
			children = (
				87A3C1D32B268222002E274D /* Nib.app */,
				87A3C1E32B268222002E274D /* NibTests.xctest */,
				87A3C1ED2B268222002E274D /* NibUITests.xctest */,
			);
			name = Products;
			sourceTree = "<group>";
		};
		87A3C1D52B268222002E274D /* Nib */ = {
			isa = PBXGroup;
			children = (
				87E1B9882B2687B600C2B0EC /* Info.plist */,
				87E1B9832B26866600C2B0EC /* Nib.entitlements */,
				87E1B9682B26831B00C2B0EC /* Models */,
				87E1B9892B26885E00C2B0EC /* Features */,
				87A3C1D62B268222002E274D /* NibApp.swift */,
				87A3C1D82B268222002E274D /* ContentView.swift */,
				87A3C1DA2B268222002E274D /* Assets.xcassets */,
				87E1B9862B26870100C2B0EC /* GoogleService-Info.plist */,
				87A3C1DC2B268222002E274D /* Preview Content */,
				8716115D2B2A9F73007C2A6E /* Localizable.xcstrings */,
			);
			path = Nib;
			sourceTree = "<group>";
		};
		87A3C1DC2B268222002E274D /* Preview Content */ = {
			isa = PBXGroup;
			children = (
				87A3C1DD2B268222002E274D /* Preview Assets.xcassets */,
			);
			path = "Preview Content";
			sourceTree = "<group>";
		};
		87A3C1E62B268222002E274D /* NibTests */ = {
			isa = PBXGroup;
			children = (
				87A3C1E72B268222002E274D /* NibTests.swift */,
			);
			path = NibTests;
			sourceTree = "<group>";
		};
		87A3C1F02B268222002E274D /* NibUITests */ = {
			isa = PBXGroup;
			children = (
				87A3C1F12B268222002E274D /* NibUITests.swift */,
				87A3C1F32B268222002E274D /* NibUITestsLaunchTests.swift */,
			);
			path = NibUITests;
			sourceTree = "<group>";
		};
		87C28BE62B26B98F009B2BC8 /* YourPoems */ = {
			isa = PBXGroup;
			children = (
				87C28BE82B26BAB2009B2BC8 /* YourPoemsView.swift */,
				87C28BEE2B26BD51009B2BC8 /* YourPoemsViewModel.swift */,
			);
			path = YourPoems;
			sourceTree = "<group>";
		};
		87CAD9142B280D65000AE56D /* Home */ = {
			isa = PBXGroup;
			children = (
				87CAD9152B280D6A000AE56D /* Views */,
			);
			path = Home;
			sourceTree = "<group>";
		};
		87CAD9152B280D6A000AE56D /* Views */ = {
			isa = PBXGroup;
			children = (
				87CAD9222B281668000AE56D /* ReportPoem */,
				87CAD91C2B2810B8000AE56D /* PoemFeed */,
			);
			path = Views;
			sourceTree = "<group>";
		};
		87CAD9172B280F6C000AE56D /* YourPoem */ = {
			isa = PBXGroup;
			children = (
				87CAD91A2B280F91000AE56D /* YourPoemView.swift */,
			);
			path = YourPoem;
			sourceTree = "<group>";
		};
		87CAD91C2B2810B8000AE56D /* PoemFeed */ = {
			isa = PBXGroup;
			children = (
				87CAD91D2B2810C7000AE56D /* PoemFeedView.swift */,
				87990D742B2D20C3008A5134 /* PoemFeedViewModel.swift */,
			);
			path = PoemFeed;
			sourceTree = "<group>";
		};
		87CAD9212B28128C000AE56D /* UserPoemView */ = {
			isa = PBXGroup;
			children = (
				87FE6D6F2B26C89C00E8A785 /* UserPoemView.swift */,
				87FE6D712B26CAEA00E8A785 /* UserPoemViewModel.swift */,
			);
			path = UserPoemView;
			sourceTree = "<group>";
		};
		87CAD9222B281668000AE56D /* ReportPoem */ = {
			isa = PBXGroup;
			children = (
				87CAD9232B28167D000AE56D /* ReportPoemView.swift */,
				87CAD92B2B282754000AE56D /* ReportPoemViewModel.swift */,
			);
			path = ReportPoem;
			sourceTree = "<group>";
		};
		87E1B9682B26831B00C2B0EC /* Models */ = {
			isa = PBXGroup;
			children = (
				87E1B97C2B26850400C2B0EC /* Firebase */,
				87E1B97B2B2684F300C2B0EC /* IdentityProviders */,
				87E1B9A72B268BB000C2B0EC /* Protocols */,
			);
			path = Models;
			sourceTree = "<group>";
		};
		87E1B97B2B2684F300C2B0EC /* IdentityProviders */ = {
			isa = PBXGroup;
			children = (
				87E1B9812B26862600C2B0EC /* AppleSignInResult.swift */,
				87E1B97D2B26853C00C2B0EC /* AuthDataResult.swift */,
				87E1B9AA2B268C2100C2B0EC /* AuthProviderOption.swift */,
				87E1B97F2B2685DD00C2B0EC /* GoogleSignInResult.swift */,
			);
			path = IdentityProviders;
			sourceTree = "<group>";
		};
		87E1B97C2B26850400C2B0EC /* Firebase */ = {
			isa = PBXGroup;
			children = (
				87E1B9C62B26B22500C2B0EC /* Poem.swift */,
				87CAD9252B281B8F000AE56D /* ReportedPoem.swift */,
				87E1B9692B26832A00C2B0EC /* User.swift */,
				87E1B9AE2B2694B900C2B0EC /* Username.swift */,
			);
			path = Firebase;
			sourceTree = "<group>";
		};
		87E1B9892B26885E00C2B0EC /* Features */ = {
			isa = PBXGroup;
			children = (
				87E1B98B2B26887200C2B0EC /* App */,
				87E1B98A2B26886800C2B0EC /* Authentication */,
				87CAD9142B280D65000AE56D /* Home */,
				87FE6D6D2B26C87400E8A785 /* Poem */,
				87E1B9CC2B26B50900C2B0EC /* Publisher */,
				87E1B98F2B2688A200C2B0EC /* Shared */,
				87E1B9B02B26953700C2B0EC /* UserProfile */,
			);
			path = Features;
			sourceTree = "<group>";
		};
		87E1B98A2B26886800C2B0EC /* Authentication */ = {
			isa = PBXGroup;
			children = (
				87E1B98E2B26889B00C2B0EC /* Components */,
				87E1B98D2B26889100C2B0EC /* Views */,
			);
			path = Authentication;
			sourceTree = "<group>";
		};
		87E1B98B2B26887200C2B0EC /* App */ = {
			isa = PBXGroup;
			children = (
				87E1B99E2B268AD900C2B0EC /* Views */,
			);
			path = App;
			sourceTree = "<group>";
		};
		87E1B98C2B26888400C2B0EC /* SignIn */ = {
			isa = PBXGroup;
			children = (
				87E1B99C2B268A4100C2B0EC /* SignInView.swift */,
				87E1B9A42B268B9400C2B0EC /* SignInViewModel.swift */,
			);
			path = SignIn;
			sourceTree = "<group>";
		};
		87E1B98D2B26889100C2B0EC /* Views */ = {
			isa = PBXGroup;
			children = (
				87E1B98C2B26888400C2B0EC /* SignIn */,
			);
			path = Views;
			sourceTree = "<group>";
		};
		87E1B98E2B26889B00C2B0EC /* Components */ = {
			isa = PBXGroup;
			children = (
				87E1B9972B2689CD00C2B0EC /* SignInWithAppleButton.swift */,
				87E1B9952B2689B600C2B0EC /* SignInWithGoogleButton.swift */,
			);
			path = Components;
			sourceTree = "<group>";
		};
		87E1B98F2B2688A200C2B0EC /* Shared */ = {
			isa = PBXGroup;
			children = (
				871611752B2BF9F5007C2A6E /* Extensions */,
				87E1B9992B2689EB00C2B0EC /* Components */,
				87E1B9A62B268BA700C2B0EC /* Services */,
				87E1B9902B2688A900C2B0EC /* Utilities */,
				871611642B2BECB1007C2A6E /* Views */,
			);
			path = Shared;
			sourceTree = "<group>";
		};
		87E1B9902B2688A900C2B0EC /* Utilities */ = {
			isa = PBXGroup;
			children = (
				87E1B9912B2688CB00C2B0EC /* SignInWithAppleHelper.swift */,
				87E1B9932B26890400C2B0EC /* SignInWithGoogleHelper.swift */,
			);
			path = Utilities;
			sourceTree = "<group>";
		};
		87E1B9992B2689EB00C2B0EC /* Components */ = {
			isa = PBXGroup;
			children = (
				8716116C2B2BF8CD007C2A6E /* Toast */,
				87C28BEC2B26BAE6009B2BC8 /* Card.swift */,
				87E1B99A2B2689FE00C2B0EC /* DividerWithLabel.swift */,
				87C28BEA2B26BABE009B2BC8 /* Masonry.swift */,
				873490B82B292FEA0048CD5D /* RadioButton.swift */,
				87E1B9C42B26AD1900C2B0EC /* UnderlinedTextField.swift */,
			);
			path = Components;
			sourceTree = "<group>";
		};
		87E1B99E2B268AD900C2B0EC /* Views */ = {
			isa = PBXGroup;
			children = (
				87E244092B2C17E7009F361A /* AppMainView */,
				87E1B99F2B268AE000C2B0EC /* AppRoot */,
			);
			path = Views;
			sourceTree = "<group>";
		};
		87E1B99F2B268AE000C2B0EC /* AppRoot */ = {
			isa = PBXGroup;
			children = (
				87E1B9A02B268AF100C2B0EC /* AppRootView.swift */,
				87E1B9A22B268B3D00C2B0EC /* AppRootViewModel.swift */,
			);
			path = AppRoot;
			sourceTree = "<group>";
		};
		87E1B9A62B268BA700C2B0EC /* Services */ = {
			isa = PBXGroup;
			children = (
				87E1B9AC2B268CFD00C2B0EC /* NibAuthenticationService.swift */,
				87E1B9CA2B26B2D100C2B0EC /* PoemService.swift */,
				87CAD9292B282044000AE56D /* ReportingService.swift */,
				87E1B9BA2B269BC200C2B0EC /* UserService.swift */,
			);
			path = Services;
			sourceTree = "<group>";
		};
		87E1B9A72B268BB000C2B0EC /* Protocols */ = {
			isa = PBXGroup;
			children = (
				87E1B9A82B268BD900C2B0EC /* NibAuthenticationServiceProtocol.swift */,
				87E1B9C82B26B26E00C2B0EC /* PoemServiceProtocol.swift */,
				87E1B9BC2B269BD200C2B0EC /* UserServiceProtocol.swift */,
				87CAD9272B282009000AE56D /* ReportingServiceProtocol.swift */,
			);
			path = Protocols;
			sourceTree = "<group>";
		};
		87E1B9B02B26953700C2B0EC /* UserProfile */ = {
			isa = PBXGroup;
			children = (
				87E1B9B22B26954E00C2B0EC /* Views */,
			);
			path = UserProfile;
			sourceTree = "<group>";
		};
		87E1B9B12B26954300C2B0EC /* YourProfile */ = {
			isa = PBXGroup;
			children = (
				87E1B9B32B26956400C2B0EC /* YourProfileView.swift */,
			);
			path = YourProfile;
			sourceTree = "<group>";
		};
		87E1B9B22B26954E00C2B0EC /* Views */ = {
			isa = PBXGroup;
			children = (
				87E1B9B52B26962400C2B0EC /* Settings */,
				87C28BE62B26B98F009B2BC8 /* YourPoems */,
				87E1B9B12B26954300C2B0EC /* YourProfile */,
			);
			path = Views;
			sourceTree = "<group>";
		};
		87E1B9B52B26962400C2B0EC /* Settings */ = {
			isa = PBXGroup;
			children = (
				87E1B9BF2B26A5A400C2B0EC /* Username */,
				87E1B9B62B26963000C2B0EC /* SettingsView.swift */,
				87E1B9B82B26967500C2B0EC /* SettingsViewModel.swift */,
			);
			path = Settings;
			sourceTree = "<group>";
		};
		87E1B9BF2B26A5A400C2B0EC /* Username */ = {
			isa = PBXGroup;
			children = (
				87E1B9C02B26A5B600C2B0EC /* UsernameView.swift */,
				87E1B9C22B26A5D000C2B0EC /* UsernameViewModel.swift */,
			);
			path = Username;
			sourceTree = "<group>";
		};
		87E1B9CC2B26B50900C2B0EC /* Publisher */ = {
			isa = PBXGroup;
			children = (
				87E1B9CE2B26B52300C2B0EC /* Views */,
			);
			path = Publisher;
			sourceTree = "<group>";
		};
		87E1B9CD2B26B51000C2B0EC /* Draft */ = {
			isa = PBXGroup;
			children = (
				87E1B9CF2B26B54400C2B0EC /* DraftView.swift */,
				87E1B9D12B26B54F00C2B0EC /* DraftViewModel.swift */,
			);
			path = Draft;
			sourceTree = "<group>";
		};
		87E1B9CE2B26B52300C2B0EC /* Views */ = {
			isa = PBXGroup;
			children = (
				873490BA2B293B2D0048CD5D /* Preview */,
				87E1B9CD2B26B51000C2B0EC /* Draft */,
			);
			path = Views;
			sourceTree = "<group>";
		};
		87E244092B2C17E7009F361A /* AppMainView */ = {
			isa = PBXGroup;
			children = (
				87E2440C2B2C1829009F361A /* AppMainView.swift */,
				87E2440A2B2C17F3009F361A /* AppMainViewModel.swift */,
			);
			path = AppMainView;
			sourceTree = "<group>";
		};
		87FE6D6D2B26C87400E8A785 /* Poem */ = {
			isa = PBXGroup;
			children = (
				87FE6D6E2B26C88E00E8A785 /* Views */,
			);
			path = Poem;
			sourceTree = "<group>";
		};
		87FE6D6E2B26C88E00E8A785 /* Views */ = {
			isa = PBXGroup;
			children = (
				87CAD9212B28128C000AE56D /* UserPoemView */,
				87CAD9172B280F6C000AE56D /* YourPoem */,
			);
			path = Views;
			sourceTree = "<group>";
		};
/* End PBXGroup section */

/* Begin PBXNativeTarget section */
		87A3C1D22B268222002E274D /* Nib */ = {
			isa = PBXNativeTarget;
			buildConfigurationList = 87A3C1F72B268222002E274D /* Build configuration list for PBXNativeTarget "Nib" */;
			buildPhases = (
				87A3C1CF2B268222002E274D /* Sources */,
				87A3C1D02B268222002E274D /* Frameworks */,
				87A3C1D12B268222002E274D /* Resources */,
			);
			buildRules = (
			);
			dependencies = (
			);
			name = Nib;
			packageProductDependencies = (
				87E1B96C2B26840100C2B0EC /* FirebaseAnalytics */,
				87E1B96E2B26840100C2B0EC /* FirebaseAnalyticsOnDeviceConversion */,
				87E1B9702B26840100C2B0EC /* FirebaseAuth */,
				87E1B9722B26840100C2B0EC /* FirebaseFirestore */,
				87E1B9742B26840100C2B0EC /* FirebaseFirestoreSwift */,
				87E1B9772B26844B00C2B0EC /* GoogleSignIn */,
				87E1B9792B26844B00C2B0EC /* GoogleSignInSwift */,
			);
			productName = Nib;
			productReference = 87A3C1D32B268222002E274D /* Nib.app */;
			productType = "com.apple.product-type.application";
		};
		87A3C1E22B268222002E274D /* NibTests */ = {
			isa = PBXNativeTarget;
			buildConfigurationList = 87A3C1FA2B268222002E274D /* Build configuration list for PBXNativeTarget "NibTests" */;
			buildPhases = (
				87A3C1DF2B268222002E274D /* Sources */,
				87A3C1E02B268222002E274D /* Frameworks */,
				87A3C1E12B268222002E274D /* Resources */,
			);
			buildRules = (
			);
			dependencies = (
				87A3C1E52B268222002E274D /* PBXTargetDependency */,
			);
			name = NibTests;
			productName = NibTests;
			productReference = 87A3C1E32B268222002E274D /* NibTests.xctest */;
			productType = "com.apple.product-type.bundle.unit-test";
		};
		87A3C1EC2B268222002E274D /* NibUITests */ = {
			isa = PBXNativeTarget;
			buildConfigurationList = 87A3C1FD2B268222002E274D /* Build configuration list for PBXNativeTarget "NibUITests" */;
			buildPhases = (
				87A3C1E92B268222002E274D /* Sources */,
				87A3C1EA2B268222002E274D /* Frameworks */,
				87A3C1EB2B268222002E274D /* Resources */,
			);
			buildRules = (
			);
			dependencies = (
				87A3C1EF2B268222002E274D /* PBXTargetDependency */,
			);
			name = NibUITests;
			productName = NibUITests;
			productReference = 87A3C1ED2B268222002E274D /* NibUITests.xctest */;
			productType = "com.apple.product-type.bundle.ui-testing";
		};
/* End PBXNativeTarget section */

/* Begin PBXProject section */
		87A3C1CB2B268222002E274D /* Project object */ = {
			isa = PBXProject;
			attributes = {
				BuildIndependentTargetsInParallel = 1;
				LastSwiftUpdateCheck = 1500;
				LastUpgradeCheck = 1500;
				TargetAttributes = {
					87A3C1D22B268222002E274D = {
						CreatedOnToolsVersion = 15.0.1;
					};
					87A3C1E22B268222002E274D = {
						CreatedOnToolsVersion = 15.0.1;
						TestTargetID = 87A3C1D22B268222002E274D;
					};
					87A3C1EC2B268222002E274D = {
						CreatedOnToolsVersion = 15.0.1;
						TestTargetID = 87A3C1D22B268222002E274D;
					};
				};
			};
			buildConfigurationList = 87A3C1CE2B268222002E274D /* Build configuration list for PBXProject "Nib" */;
			compatibilityVersion = "Xcode 14.0";
			developmentRegion = en;
			hasScannedForEncodings = 0;
			knownRegions = (
				en,
				Base,
			);
			mainGroup = 87A3C1CA2B268222002E274D;
			packageReferences = (
				87E1B96B2B26840100C2B0EC /* XCRemoteSwiftPackageReference "firebase-ios-sdk" */,
				87E1B9762B26844B00C2B0EC /* XCRemoteSwiftPackageReference "GoogleSignIn-iOS" */,
			);
			productRefGroup = 87A3C1D42B268222002E274D /* Products */;
			projectDirPath = "";
			projectRoot = "";
			targets = (
				87A3C1D22B268222002E274D /* Nib */,
				87A3C1E22B268222002E274D /* NibTests */,
				87A3C1EC2B268222002E274D /* NibUITests */,
			);
		};
/* End PBXProject section */

/* Begin PBXResourcesBuildPhase section */
		87A3C1D12B268222002E274D /* Resources */ = {
			isa = PBXResourcesBuildPhase;
			buildActionMask = 2147483647;
			files = (
				87A3C1DE2B268222002E274D /* Preview Assets.xcassets in Resources */,
				87A3C1DB2B268222002E274D /* Assets.xcassets in Resources */,
				8716115E2B2A9F73007C2A6E /* Localizable.xcstrings in Resources */,
				87E1B9872B26870100C2B0EC /* GoogleService-Info.plist in Resources */,
			);
			runOnlyForDeploymentPostprocessing = 0;
		};
		87A3C1E12B268222002E274D /* Resources */ = {
			isa = PBXResourcesBuildPhase;
			buildActionMask = 2147483647;
			files = (
			);
			runOnlyForDeploymentPostprocessing = 0;
		};
		87A3C1EB2B268222002E274D /* Resources */ = {
			isa = PBXResourcesBuildPhase;
			buildActionMask = 2147483647;
			files = (
			);
			runOnlyForDeploymentPostprocessing = 0;
		};
/* End PBXResourcesBuildPhase section */

/* Begin PBXSourcesBuildPhase section */
		87A3C1CF2B268222002E274D /* Sources */ = {
			isa = PBXSourcesBuildPhase;
			buildActionMask = 2147483647;
			files = (
				87E1B9CB2B26B2D100C2B0EC /* PoemService.swift in Sources */,
				8716116E2B2BF8D7007C2A6E /* ToastStyle.swift in Sources */,
				87E1B9B72B26963000C2B0EC /* SettingsView.swift in Sources */,
				87C28BED2B26BAE6009B2BC8 /* Card.swift in Sources */,
				87E1B9C92B26B26E00C2B0EC /* PoemServiceProtocol.swift in Sources */,
				87CAD91B2B280F91000AE56D /* YourPoemView.swift in Sources */,
				87E1B9982B2689CD00C2B0EC /* SignInWithAppleButton.swift in Sources */,
				87E1B9942B26890400C2B0EC /* SignInWithGoogleHelper.swift in Sources */,
				87E1B96A2B26832A00C2B0EC /* User.swift in Sources */,
				87E1B9B42B26956400C2B0EC /* YourProfileView.swift in Sources */,
				87990D752B2D20C3008A5134 /* PoemFeedViewModel.swift in Sources */,
				87E1B9A92B268BD900C2B0EC /* NibAuthenticationServiceProtocol.swift in Sources */,
				87CAD9262B281B8F000AE56D /* ReportedPoem.swift in Sources */,
				87E1B9822B26862600C2B0EC /* AppleSignInResult.swift in Sources */,
				871611722B2BF93C007C2A6E /* ToastView.swift in Sources */,
				871611772B2BFA08007C2A6E /* ExtendView.swift in Sources */,
				871611702B2BF8F8007C2A6E /* Toast.swift in Sources */,
				87CAD9242B28167D000AE56D /* ReportPoemView.swift in Sources */,
				87C28BEF2B26BD51009B2BC8 /* YourPoemsViewModel.swift in Sources */,
				87C28BE92B26BAB2009B2BC8 /* YourPoemsView.swift in Sources */,
				87E1B9BB2B269BC200C2B0EC /* UserService.swift in Sources */,
				87FE6D722B26CAEA00E8A785 /* UserPoemViewModel.swift in Sources */,
				87E1B9C32B26A5D000C2B0EC /* UsernameViewModel.swift in Sources */,
				87E1B9AD2B268CFD00C2B0EC /* NibAuthenticationService.swift in Sources */,
				87E1B9D22B26B54F00C2B0EC /* DraftViewModel.swift in Sources */,
				87E1B9A32B268B3D00C2B0EC /* AppRootViewModel.swift in Sources */,
				87A3C1D92B268222002E274D /* ContentView.swift in Sources */,
				87E2440B2B2C17F3009F361A /* AppMainViewModel.swift in Sources */,
				87E1B9AB2B268C2100C2B0EC /* AuthProviderOption.swift in Sources */,
				87E1B97E2B26853C00C2B0EC /* AuthDataResult.swift in Sources */,
				87E1B9C72B26B22500C2B0EC /* Poem.swift in Sources */,
				87E1B99D2B268A4100C2B0EC /* SignInView.swift in Sources */,
				87E1B9D02B26B54400C2B0EC /* DraftView.swift in Sources */,
				87E1B9BD2B269BD200C2B0EC /* UserServiceProtocol.swift in Sources */,
				871611742B2BF9A8007C2A6E /* ToastModifier.swift in Sources */,
				87CAD92C2B282754000AE56D /* ReportPoemViewModel.swift in Sources */,
				87E1B9AF2B2694B900C2B0EC /* Username.swift in Sources */,
				87FE6D702B26C89C00E8A785 /* UserPoemView.swift in Sources */,
				87E1B99B2B2689FE00C2B0EC /* DividerWithLabel.swift in Sources */,
				873490B92B292FEA0048CD5D /* RadioButton.swift in Sources */,
				87CAD91E2B2810C7000AE56D /* PoemFeedView.swift in Sources */,
				87E1B9962B2689B600C2B0EC /* SignInWithGoogleButton.swift in Sources */,
				871611662B2BECD5007C2A6E /* PoemMasonryView.swift in Sources */,
				87E1B9A12B268AF100C2B0EC /* AppRootView.swift in Sources */,
				87E1B9922B2688CB00C2B0EC /* SignInWithAppleHelper.swift in Sources */,
				87E1B9802B2685DD00C2B0EC /* GoogleSignInResult.swift in Sources */,
				87E2440D2B2C1829009F361A /* AppMainView.swift in Sources */,
				87E1B9C12B26A5B600C2B0EC /* UsernameView.swift in Sources */,
				87E1B9C52B26AD1900C2B0EC /* UnderlinedTextField.swift in Sources */,
				87CAD92A2B282044000AE56D /* ReportingService.swift in Sources */,
				873490BC2B293B3C0048CD5D /* PreviewView.swift in Sources */,
				87E1B9B92B26967500C2B0EC /* SettingsViewModel.swift in Sources */,
				87C28BEB2B26BABE009B2BC8 /* Masonry.swift in Sources */,
				87A3C1D72B268222002E274D /* NibApp.swift in Sources */,
				87CAD9282B282009000AE56D /* ReportingServiceProtocol.swift in Sources */,
				87E1B9A52B268B9400C2B0EC /* SignInViewModel.swift in Sources */,
				871611692B2BECFB007C2A6E /* PoemMasonryViewModel.swift in Sources */,
			);
			runOnlyForDeploymentPostprocessing = 0;
		};
		87A3C1DF2B268222002E274D /* Sources */ = {
			isa = PBXSourcesBuildPhase;
			buildActionMask = 2147483647;
			files = (
				87A3C1E82B268222002E274D /* NibTests.swift in Sources */,
			);
			runOnlyForDeploymentPostprocessing = 0;
		};
		87A3C1E92B268222002E274D /* Sources */ = {
			isa = PBXSourcesBuildPhase;
			buildActionMask = 2147483647;
			files = (
				87A3C1F42B268222002E274D /* NibUITestsLaunchTests.swift in Sources */,
				87A3C1F22B268222002E274D /* NibUITests.swift in Sources */,
			);
			runOnlyForDeploymentPostprocessing = 0;
		};
/* End PBXSourcesBuildPhase section */

/* Begin PBXTargetDependency section */
		87A3C1E52B268222002E274D /* PBXTargetDependency */ = {
			isa = PBXTargetDependency;
			target = 87A3C1D22B268222002E274D /* Nib */;
			targetProxy = 87A3C1E42B268222002E274D /* PBXContainerItemProxy */;
		};
		87A3C1EF2B268222002E274D /* PBXTargetDependency */ = {
			isa = PBXTargetDependency;
			target = 87A3C1D22B268222002E274D /* Nib */;
			targetProxy = 87A3C1EE2B268222002E274D /* PBXContainerItemProxy */;
		};
/* End PBXTargetDependency section */

/* Begin XCBuildConfiguration section */
		87A3C1F52B268222002E274D /* Debug */ = {
			isa = XCBuildConfiguration;
			buildSettings = {
				ALWAYS_SEARCH_USER_PATHS = NO;
				ASSETCATALOG_COMPILER_GENERATE_SWIFT_ASSET_SYMBOL_EXTENSIONS = YES;
				CLANG_ANALYZER_NONNULL = YES;
				CLANG_ANALYZER_NUMBER_OBJECT_CONVERSION = YES_AGGRESSIVE;
				CLANG_CXX_LANGUAGE_STANDARD = "gnu++20";
				CLANG_ENABLE_MODULES = YES;
				CLANG_ENABLE_OBJC_ARC = YES;
				CLANG_ENABLE_OBJC_WEAK = YES;
				CLANG_WARN_BLOCK_CAPTURE_AUTORELEASING = YES;
				CLANG_WARN_BOOL_CONVERSION = YES;
				CLANG_WARN_COMMA = YES;
				CLANG_WARN_CONSTANT_CONVERSION = YES;
				CLANG_WARN_DEPRECATED_OBJC_IMPLEMENTATIONS = YES;
				CLANG_WARN_DIRECT_OBJC_ISA_USAGE = YES_ERROR;
				CLANG_WARN_DOCUMENTATION_COMMENTS = YES;
				CLANG_WARN_EMPTY_BODY = YES;
				CLANG_WARN_ENUM_CONVERSION = YES;
				CLANG_WARN_INFINITE_RECURSION = YES;
				CLANG_WARN_INT_CONVERSION = YES;
				CLANG_WARN_NON_LITERAL_NULL_CONVERSION = YES;
				CLANG_WARN_OBJC_IMPLICIT_RETAIN_SELF = YES;
				CLANG_WARN_OBJC_LITERAL_CONVERSION = YES;
				CLANG_WARN_OBJC_ROOT_CLASS = YES_ERROR;
				CLANG_WARN_QUOTED_INCLUDE_IN_FRAMEWORK_HEADER = YES;
				CLANG_WARN_RANGE_LOOP_ANALYSIS = YES;
				CLANG_WARN_STRICT_PROTOTYPES = YES;
				CLANG_WARN_SUSPICIOUS_MOVE = YES;
				CLANG_WARN_UNGUARDED_AVAILABILITY = YES_AGGRESSIVE;
				CLANG_WARN_UNREACHABLE_CODE = YES;
				CLANG_WARN__DUPLICATE_METHOD_MATCH = YES;
				COPY_PHASE_STRIP = NO;
				DEBUG_INFORMATION_FORMAT = dwarf;
				ENABLE_STRICT_OBJC_MSGSEND = YES;
				ENABLE_TESTABILITY = YES;
				ENABLE_USER_SCRIPT_SANDBOXING = YES;
				GCC_C_LANGUAGE_STANDARD = gnu17;
				GCC_DYNAMIC_NO_PIC = NO;
				GCC_NO_COMMON_BLOCKS = YES;
				GCC_OPTIMIZATION_LEVEL = 0;
				GCC_PREPROCESSOR_DEFINITIONS = (
					"DEBUG=1",
					"$(inherited)",
				);
				GCC_WARN_64_TO_32_BIT_CONVERSION = YES;
				GCC_WARN_ABOUT_RETURN_TYPE = YES_ERROR;
				GCC_WARN_UNDECLARED_SELECTOR = YES;
				GCC_WARN_UNINITIALIZED_AUTOS = YES_AGGRESSIVE;
				GCC_WARN_UNUSED_FUNCTION = YES;
				GCC_WARN_UNUSED_VARIABLE = YES;
				IPHONEOS_DEPLOYMENT_TARGET = 17.0;
				LOCALIZATION_PREFERS_STRING_CATALOGS = YES;
				MTL_ENABLE_DEBUG_INFO = INCLUDE_SOURCE;
				MTL_FAST_MATH = YES;
				ONLY_ACTIVE_ARCH = YES;
				SDKROOT = iphoneos;
				SWIFT_ACTIVE_COMPILATION_CONDITIONS = "DEBUG $(inherited)";
				SWIFT_OPTIMIZATION_LEVEL = "-Onone";
			};
			name = Debug;
		};
		87A3C1F62B268222002E274D /* Release */ = {
			isa = XCBuildConfiguration;
			buildSettings = {
				ALWAYS_SEARCH_USER_PATHS = NO;
				ASSETCATALOG_COMPILER_GENERATE_SWIFT_ASSET_SYMBOL_EXTENSIONS = YES;
				CLANG_ANALYZER_NONNULL = YES;
				CLANG_ANALYZER_NUMBER_OBJECT_CONVERSION = YES_AGGRESSIVE;
				CLANG_CXX_LANGUAGE_STANDARD = "gnu++20";
				CLANG_ENABLE_MODULES = YES;
				CLANG_ENABLE_OBJC_ARC = YES;
				CLANG_ENABLE_OBJC_WEAK = YES;
				CLANG_WARN_BLOCK_CAPTURE_AUTORELEASING = YES;
				CLANG_WARN_BOOL_CONVERSION = YES;
				CLANG_WARN_COMMA = YES;
				CLANG_WARN_CONSTANT_CONVERSION = YES;
				CLANG_WARN_DEPRECATED_OBJC_IMPLEMENTATIONS = YES;
				CLANG_WARN_DIRECT_OBJC_ISA_USAGE = YES_ERROR;
				CLANG_WARN_DOCUMENTATION_COMMENTS = YES;
				CLANG_WARN_EMPTY_BODY = YES;
				CLANG_WARN_ENUM_CONVERSION = YES;
				CLANG_WARN_INFINITE_RECURSION = YES;
				CLANG_WARN_INT_CONVERSION = YES;
				CLANG_WARN_NON_LITERAL_NULL_CONVERSION = YES;
				CLANG_WARN_OBJC_IMPLICIT_RETAIN_SELF = YES;
				CLANG_WARN_OBJC_LITERAL_CONVERSION = YES;
				CLANG_WARN_OBJC_ROOT_CLASS = YES_ERROR;
				CLANG_WARN_QUOTED_INCLUDE_IN_FRAMEWORK_HEADER = YES;
				CLANG_WARN_RANGE_LOOP_ANALYSIS = YES;
				CLANG_WARN_STRICT_PROTOTYPES = YES;
				CLANG_WARN_SUSPICIOUS_MOVE = YES;
				CLANG_WARN_UNGUARDED_AVAILABILITY = YES_AGGRESSIVE;
				CLANG_WARN_UNREACHABLE_CODE = YES;
				CLANG_WARN__DUPLICATE_METHOD_MATCH = YES;
				COPY_PHASE_STRIP = NO;
				DEBUG_INFORMATION_FORMAT = "dwarf-with-dsym";
				ENABLE_NS_ASSERTIONS = NO;
				ENABLE_STRICT_OBJC_MSGSEND = YES;
				ENABLE_USER_SCRIPT_SANDBOXING = YES;
				GCC_C_LANGUAGE_STANDARD = gnu17;
				GCC_NO_COMMON_BLOCKS = YES;
				GCC_WARN_64_TO_32_BIT_CONVERSION = YES;
				GCC_WARN_ABOUT_RETURN_TYPE = YES_ERROR;
				GCC_WARN_UNDECLARED_SELECTOR = YES;
				GCC_WARN_UNINITIALIZED_AUTOS = YES_AGGRESSIVE;
				GCC_WARN_UNUSED_FUNCTION = YES;
				GCC_WARN_UNUSED_VARIABLE = YES;
				IPHONEOS_DEPLOYMENT_TARGET = 17.0;
				LOCALIZATION_PREFERS_STRING_CATALOGS = YES;
				MTL_ENABLE_DEBUG_INFO = NO;
				MTL_FAST_MATH = YES;
				SDKROOT = iphoneos;
				SWIFT_COMPILATION_MODE = wholemodule;
				VALIDATE_PRODUCT = YES;
			};
			name = Release;
		};
		87A3C1F82B268222002E274D /* Debug */ = {
			isa = XCBuildConfiguration;
			buildSettings = {
				ASSETCATALOG_COMPILER_APPICON_NAME = AppIcon;
				ASSETCATALOG_COMPILER_GLOBAL_ACCENT_COLOR_NAME = AccentColor;
				CODE_SIGN_ENTITLEMENTS = Nib/Nib.entitlements;
				CODE_SIGN_STYLE = Automatic;
				CURRENT_PROJECT_VERSION = 1;
				DEVELOPMENT_ASSET_PATHS = "\"Nib/Preview Content\"";
				DEVELOPMENT_TEAM = 57EWLLEMYS;
				ENABLE_PREVIEWS = YES;
				GENERATE_INFOPLIST_FILE = YES;
				INFOPLIST_FILE = Nib/Info.plist;
				INFOPLIST_KEY_LSApplicationCategoryType = "public.app-category.books";
				INFOPLIST_KEY_UIApplicationSceneManifest_Generation = YES;
				INFOPLIST_KEY_UIApplicationSupportsIndirectInputEvents = YES;
				INFOPLIST_KEY_UILaunchScreen_Generation = YES;
				INFOPLIST_KEY_UISupportedInterfaceOrientations_iPad = "UIInterfaceOrientationPortrait UIInterfaceOrientationPortraitUpsideDown UIInterfaceOrientationLandscapeLeft UIInterfaceOrientationLandscapeRight";
				INFOPLIST_KEY_UISupportedInterfaceOrientations_iPhone = "UIInterfaceOrientationPortrait UIInterfaceOrientationLandscapeLeft UIInterfaceOrientationLandscapeRight";
				LD_RUNPATH_SEARCH_PATHS = (
					"$(inherited)",
					"@executable_path/Frameworks",
				);
				MARKETING_VERSION = 1.0;
				PRODUCT_BUNDLE_IDENTIFIER = com.codewithangelo.Nib;
				PRODUCT_NAME = "$(TARGET_NAME)";
				SUPPORTED_PLATFORMS = "iphoneos iphonesimulator";
				SUPPORTS_MACCATALYST = NO;
				SUPPORTS_MAC_DESIGNED_FOR_IPHONE_IPAD = NO;
				SWIFT_EMIT_LOC_STRINGS = YES;
				SWIFT_VERSION = 5.0;
				TARGETED_DEVICE_FAMILY = "1,2";
			};
			name = Debug;
		};
		87A3C1F92B268222002E274D /* Release */ = {
			isa = XCBuildConfiguration;
			buildSettings = {
				ASSETCATALOG_COMPILER_APPICON_NAME = AppIcon;
				ASSETCATALOG_COMPILER_GLOBAL_ACCENT_COLOR_NAME = AccentColor;
				CODE_SIGN_ENTITLEMENTS = Nib/Nib.entitlements;
				CODE_SIGN_STYLE = Automatic;
				CURRENT_PROJECT_VERSION = 1;
				DEVELOPMENT_ASSET_PATHS = "\"Nib/Preview Content\"";
				DEVELOPMENT_TEAM = 57EWLLEMYS;
				ENABLE_PREVIEWS = YES;
				GENERATE_INFOPLIST_FILE = YES;
				INFOPLIST_FILE = Nib/Info.plist;
				INFOPLIST_KEY_LSApplicationCategoryType = "public.app-category.books";
				INFOPLIST_KEY_UIApplicationSceneManifest_Generation = YES;
				INFOPLIST_KEY_UIApplicationSupportsIndirectInputEvents = YES;
				INFOPLIST_KEY_UILaunchScreen_Generation = YES;
				INFOPLIST_KEY_UISupportedInterfaceOrientations_iPad = "UIInterfaceOrientationPortrait UIInterfaceOrientationPortraitUpsideDown UIInterfaceOrientationLandscapeLeft UIInterfaceOrientationLandscapeRight";
				INFOPLIST_KEY_UISupportedInterfaceOrientations_iPhone = "UIInterfaceOrientationPortrait UIInterfaceOrientationLandscapeLeft UIInterfaceOrientationLandscapeRight";
				LD_RUNPATH_SEARCH_PATHS = (
					"$(inherited)",
					"@executable_path/Frameworks",
				);
				MARKETING_VERSION = 1.0;
				PRODUCT_BUNDLE_IDENTIFIER = com.codewithangelo.Nib;
				PRODUCT_NAME = "$(TARGET_NAME)";
				SUPPORTED_PLATFORMS = "iphoneos iphonesimulator";
				SUPPORTS_MACCATALYST = NO;
				SUPPORTS_MAC_DESIGNED_FOR_IPHONE_IPAD = NO;
				SWIFT_EMIT_LOC_STRINGS = YES;
				SWIFT_VERSION = 5.0;
				TARGETED_DEVICE_FAMILY = "1,2";
			};
			name = Release;
		};
		87A3C1FB2B268222002E274D /* Debug */ = {
			isa = XCBuildConfiguration;
			buildSettings = {
				ALWAYS_EMBED_SWIFT_STANDARD_LIBRARIES = YES;
				BUNDLE_LOADER = "$(TEST_HOST)";
				CODE_SIGN_STYLE = Automatic;
				CURRENT_PROJECT_VERSION = 1;
				DEVELOPMENT_TEAM = 57EWLLEMYS;
				GENERATE_INFOPLIST_FILE = YES;
				IPHONEOS_DEPLOYMENT_TARGET = 17.0;
				MARKETING_VERSION = 1.0;
				PRODUCT_BUNDLE_IDENTIFIER = com.codewithangelo.NibTests;
				PRODUCT_NAME = "$(TARGET_NAME)";
				SWIFT_EMIT_LOC_STRINGS = NO;
				SWIFT_VERSION = 5.0;
				TARGETED_DEVICE_FAMILY = "1,2";
				TEST_HOST = "$(BUILT_PRODUCTS_DIR)/Nib.app/$(BUNDLE_EXECUTABLE_FOLDER_PATH)/Nib";
			};
			name = Debug;
		};
		87A3C1FC2B268222002E274D /* Release */ = {
			isa = XCBuildConfiguration;
			buildSettings = {
				ALWAYS_EMBED_SWIFT_STANDARD_LIBRARIES = YES;
				BUNDLE_LOADER = "$(TEST_HOST)";
				CODE_SIGN_STYLE = Automatic;
				CURRENT_PROJECT_VERSION = 1;
				DEVELOPMENT_TEAM = 57EWLLEMYS;
				GENERATE_INFOPLIST_FILE = YES;
				IPHONEOS_DEPLOYMENT_TARGET = 17.0;
				MARKETING_VERSION = 1.0;
				PRODUCT_BUNDLE_IDENTIFIER = com.codewithangelo.NibTests;
				PRODUCT_NAME = "$(TARGET_NAME)";
				SWIFT_EMIT_LOC_STRINGS = NO;
				SWIFT_VERSION = 5.0;
				TARGETED_DEVICE_FAMILY = "1,2";
				TEST_HOST = "$(BUILT_PRODUCTS_DIR)/Nib.app/$(BUNDLE_EXECUTABLE_FOLDER_PATH)/Nib";
			};
			name = Release;
		};
		87A3C1FE2B268222002E274D /* Debug */ = {
			isa = XCBuildConfiguration;
			buildSettings = {
				ALWAYS_EMBED_SWIFT_STANDARD_LIBRARIES = YES;
				CODE_SIGN_STYLE = Automatic;
				CURRENT_PROJECT_VERSION = 1;
				DEVELOPMENT_TEAM = 57EWLLEMYS;
				GENERATE_INFOPLIST_FILE = YES;
				MARKETING_VERSION = 1.0;
				PRODUCT_BUNDLE_IDENTIFIER = com.codewithangelo.NibUITests;
				PRODUCT_NAME = "$(TARGET_NAME)";
				SWIFT_EMIT_LOC_STRINGS = NO;
				SWIFT_VERSION = 5.0;
				TARGETED_DEVICE_FAMILY = "1,2";
				TEST_TARGET_NAME = Nib;
			};
			name = Debug;
		};
		87A3C1FF2B268222002E274D /* Release */ = {
			isa = XCBuildConfiguration;
			buildSettings = {
				ALWAYS_EMBED_SWIFT_STANDARD_LIBRARIES = YES;
				CODE_SIGN_STYLE = Automatic;
				CURRENT_PROJECT_VERSION = 1;
				DEVELOPMENT_TEAM = 57EWLLEMYS;
				GENERATE_INFOPLIST_FILE = YES;
				MARKETING_VERSION = 1.0;
				PRODUCT_BUNDLE_IDENTIFIER = com.codewithangelo.NibUITests;
				PRODUCT_NAME = "$(TARGET_NAME)";
				SWIFT_EMIT_LOC_STRINGS = NO;
				SWIFT_VERSION = 5.0;
				TARGETED_DEVICE_FAMILY = "1,2";
				TEST_TARGET_NAME = Nib;
			};
			name = Release;
		};
/* End XCBuildConfiguration section */

/* Begin XCConfigurationList section */
		87A3C1CE2B268222002E274D /* Build configuration list for PBXProject "Nib" */ = {
			isa = XCConfigurationList;
			buildConfigurations = (
				87A3C1F52B268222002E274D /* Debug */,
				87A3C1F62B268222002E274D /* Release */,
			);
			defaultConfigurationIsVisible = 0;
			defaultConfigurationName = Release;
		};
		87A3C1F72B268222002E274D /* Build configuration list for PBXNativeTarget "Nib" */ = {
			isa = XCConfigurationList;
			buildConfigurations = (
				87A3C1F82B268222002E274D /* Debug */,
				87A3C1F92B268222002E274D /* Release */,
			);
			defaultConfigurationIsVisible = 0;
			defaultConfigurationName = Release;
		};
		87A3C1FA2B268222002E274D /* Build configuration list for PBXNativeTarget "NibTests" */ = {
			isa = XCConfigurationList;
			buildConfigurations = (
				87A3C1FB2B268222002E274D /* Debug */,
				87A3C1FC2B268222002E274D /* Release */,
			);
			defaultConfigurationIsVisible = 0;
			defaultConfigurationName = Release;
		};
		87A3C1FD2B268222002E274D /* Build configuration list for PBXNativeTarget "NibUITests" */ = {
			isa = XCConfigurationList;
			buildConfigurations = (
				87A3C1FE2B268222002E274D /* Debug */,
				87A3C1FF2B268222002E274D /* Release */,
			);
			defaultConfigurationIsVisible = 0;
			defaultConfigurationName = Release;
		};
/* End XCConfigurationList section */

/* Begin XCRemoteSwiftPackageReference section */
		87E1B96B2B26840100C2B0EC /* XCRemoteSwiftPackageReference "firebase-ios-sdk" */ = {
			isa = XCRemoteSwiftPackageReference;
			repositoryURL = "https://github.com/firebase/firebase-ios-sdk";
			requirement = {
				kind = upToNextMajorVersion;
				minimumVersion = 10.19.0;
			};
		};
		87E1B9762B26844B00C2B0EC /* XCRemoteSwiftPackageReference "GoogleSignIn-iOS" */ = {
			isa = XCRemoteSwiftPackageReference;
			repositoryURL = "https://github.com/google/GoogleSignIn-iOS.git";
			requirement = {
				kind = upToNextMajorVersion;
				minimumVersion = 7.0.0;
			};
		};
/* End XCRemoteSwiftPackageReference section */

/* Begin XCSwiftPackageProductDependency section */
		87E1B96C2B26840100C2B0EC /* FirebaseAnalytics */ = {
			isa = XCSwiftPackageProductDependency;
			package = 87E1B96B2B26840100C2B0EC /* XCRemoteSwiftPackageReference "firebase-ios-sdk" */;
			productName = FirebaseAnalytics;
		};
		87E1B96E2B26840100C2B0EC /* FirebaseAnalyticsOnDeviceConversion */ = {
			isa = XCSwiftPackageProductDependency;
			package = 87E1B96B2B26840100C2B0EC /* XCRemoteSwiftPackageReference "firebase-ios-sdk" */;
			productName = FirebaseAnalyticsOnDeviceConversion;
		};
		87E1B9702B26840100C2B0EC /* FirebaseAuth */ = {
			isa = XCSwiftPackageProductDependency;
			package = 87E1B96B2B26840100C2B0EC /* XCRemoteSwiftPackageReference "firebase-ios-sdk" */;
			productName = FirebaseAuth;
		};
		87E1B9722B26840100C2B0EC /* FirebaseFirestore */ = {
			isa = XCSwiftPackageProductDependency;
			package = 87E1B96B2B26840100C2B0EC /* XCRemoteSwiftPackageReference "firebase-ios-sdk" */;
			productName = FirebaseFirestore;
		};
		87E1B9742B26840100C2B0EC /* FirebaseFirestoreSwift */ = {
			isa = XCSwiftPackageProductDependency;
			package = 87E1B96B2B26840100C2B0EC /* XCRemoteSwiftPackageReference "firebase-ios-sdk" */;
			productName = FirebaseFirestoreSwift;
		};
		87E1B9772B26844B00C2B0EC /* GoogleSignIn */ = {
			isa = XCSwiftPackageProductDependency;
			package = 87E1B9762B26844B00C2B0EC /* XCRemoteSwiftPackageReference "GoogleSignIn-iOS" */;
			productName = GoogleSignIn;
		};
		87E1B9792B26844B00C2B0EC /* GoogleSignInSwift */ = {
			isa = XCSwiftPackageProductDependency;
			package = 87E1B9762B26844B00C2B0EC /* XCRemoteSwiftPackageReference "GoogleSignIn-iOS" */;
			productName = GoogleSignInSwift;
		};
/* End XCSwiftPackageProductDependency section */
	};
	rootObject = 87A3C1CB2B268222002E274D /* Project object */;
}
